
Microsoft Visual Studio Solution File, Format Version 12.00
# Visual Studio Version 16
VisualStudioVersion = 16.0.29920.165
MinimumVisualStudioVersion = 10.0.40219.1
Project("{FAE04EC0-301F-11D3-BF4B-00C04F79EFBC}") = "ProjetXamarinTwitter.Android", "ProjetXamarinTwitter\ProjetXamarinTwitter.Android\ProjetXamarinTwitter.Android.csproj", "{71AE822C-7079-47DE-B91A-C63A05B9A58F}"
EndProject
Project("{FAE04EC0-301F-11D3-BF4B-00C04F79EFBC}") = "ProjetXamarinTwitter", "ProjetXamarinTwitter\ProjetXamarinTwitter\ProjetXamarinTwitter.csproj", "{A2472D41-D2D0-4CC9-A93C-7743FD7A40A4}"
EndProject
Global
	GlobalSection(SolutionConfigurationPlatforms) = preSolution
		Debug|Any CPU = Debug|Any CPU
		Debug|iPhone = Debug|iPhone
		Debug|iPhoneSimulator = Debug|iPhoneSimulator
		Release|Any CPU = Release|Any CPU
		Release|iPhone = Release|iPhone
		Release|iPhoneSimulator = Release|iPhoneSimulator
	EndGlobalSection
	GlobalSection(ProjectConfigurationPlatforms) = postSolution
		{71AE822C-7079-47DE-B91A-C63A05B9A58F}.Debug|Any CPU.ActiveCfg = Debug|Any CPU
		{71AE822C-7079-47DE-B91A-C63A05B9A58F}.Debug|Any CPU.Build.0 = Debug|Any CPU
		{71AE822C-7079-47DE-B91A-C63A05B9A58F}.Debug|Any CPU.Deploy.0 = Debug|Any CPU
		{71AE822C-7079-47DE-B91A-C63A05B9A58F}.Debug|iPhone.ActiveCfg = Debug|Any CPU
		{71AE822C-7079-47DE-B91A-C63A05B9A58F}.Debug|iPhone.Build.0 = Debug|Any CPU
		{71AE822C-7079-47DE-B91A-C63A05B9A58F}.Debug|iPhone.Deploy.0 = Debug|Any CPU
		{71AE822C-7079-47DE-B91A-C63A05B9A58F}.Debug|iPhoneSimulator.ActiveCfg = Debug|Any CPU
		{71AE822C-7079-47DE-B91A-C63A05B9A58F}.Debug|iPhoneSimulator.Build.0 = Debug|Any CPU
		{71AE822C-7079-47DE-B91A-C63A05B9A58F}.Debug|iPhoneSimulator.Deploy.0 = Debug|Any CPU
		{71AE822C-7079-47DE-B91A-C63A05B9A58F}.Release|Any CPU.ActiveCfg = Release|Any CPU
		{71AE822C-7079-47DE-B91A-C63A05B9A58F}.Release|Any CPU.Build.0 = Release|Any CPU
		{71AE822C-7079-47DE-B91A-C63A05B9A58F}.Release|Any CPU.Deploy.0 = Release|Any CPU
		{71AE822C-7079-47DE-B91A-C63A05B9A58F}.Release|iPhone.ActiveCfg = Release|Any CPU
		{71AE822C-7079-47DE-B91A-C63A05B9A58F}.Release|iPhone.Build.0 = Release|Any CPU
		{71AE822C-7079-47DE-B91A-C63A05B9A58F}.Release|iPhone.Deploy.0 = Release|Any CPU
		{71AE822C-7079-47DE-B91A-C63A05B9A58F}.Release|iPhoneSimulator.ActiveCfg = Release|Any CPU
		{71AE822C-7079-47DE-B91A-C63A05B9A58F}.Release|iPhoneSimulator.Build.0 = Release|Any CPU
		{71AE822C-7079-47DE-B91A-C63A05B9A58F}.Release|iPhoneSimulator.Deploy.0 = Release|Any CPU
		{A2472D41-D2D0-4CC9-A93C-7743FD7A40A4}.Debug|Any CPU.ActiveCfg = Debug|Any CPU
		{A2472D41-D2D0-4CC9-A93C-7743FD7A40A4}.Debug|Any CPU.Build.0 = Debug|Any CPU
		{A2472D41-D2D0-4CC9-A93C-7743FD7A40A4}.Debug|Any CPU.Deploy.0 = Debug|Any CPU
		{A2472D41-D2D0-4CC9-A93C-7743FD7A40A4}.Debug|iPhone.ActiveCfg = Debug|Any CPU
		{A2472D41-D2D0-4CC9-A93C-7743FD7A40A4}.Debug|iPhone.Build.0 = Debug|Any CPU
		{A2472D41-D2D0-4CC9-A93C-7743FD7A40A4}.Debug|iPhone.Deploy.0 = Debug|Any CPU
		{A2472D41-D2D0-4CC9-A93C-7743FD7A40A4}.Debug|iPhoneSimulator.ActiveCfg = Debug|Any CPU
		{A2472D41-D2D0-4CC9-A93C-7743FD7A40A4}.Debug|iPhoneSimulator.Build.0 = Debug|Any CPU
		{A2472D41-D2D0-4CC9-A93C-7743FD7A40A4}.Debug|iPhoneSimulator.Deploy.0 = Debug|Any CPU
		{A2472D41-D2D0-4CC9-A93C-7743FD7A40A4}.Release|Any CPU.ActiveCfg = Release|Any CPU
		{A2472D41-D2D0-4CC9-A93C-7743FD7A40A4}.Release|Any CPU.Build.0 = Release|Any CPU
		{A2472D41-D2D0-4CC9-A93C-7743FD7A40A4}.Release|Any CPU.Deploy.0 = Release|Any CPU
		{A2472D41-D2D0-4CC9-A93C-7743FD7A40A4}.Release|iPhone.ActiveCfg = Release|Any CPU
		{A2472D41-D2D0-4CC9-A93C-7743FD7A40A4}.Release|iPhone.Build.0 = Release|Any CPU
		{A2472D41-D2D0-4CC9-A93C-7743FD7A40A4}.Release|iPhone.Deploy.0 = Release|Any CPU
		{A2472D41-D2D0-4CC9-A93C-7743FD7A40A4}.Release|iPhoneSimulator.ActiveCfg = Release|Any CPU
		{A2472D41-D2D0-4CC9-A93C-7743FD7A40A4}.Release|iPhoneSimulator.Build.0 = Release|Any CPU
		{A2472D41-D2D0-4CC9-A93C-7743FD7A40A4}.Release|iPhoneSimulator.Deploy.0 = Release|Any CPU
	EndGlobalSection
	GlobalSection(SolutionProperties) = preSolution
		HideSolutionNode = FALSE
	EndGlobalSection
	GlobalSection(ExtensibilityGlobals) = postSolution
		SolutionGuid = {E4CF68D0-F0E9-4DC0-BA9E-4C0FAA3E6E5E}
	EndGlobalSection
EndGlobal
